{
  "requires": true,
  "lockfileVersion": 1,
  "dependencies": {
    "@types/gapi": {
      "version": "0.0.36",
      "resolved": "https://registry.npmjs.org/@types/gapi/-/gapi-0.0.36.tgz",
      "integrity": "sha512-biMDn3eNRoPEMaPTEn5DwKXu64ng3U3cDQkePOllZ7uTRcA9lpPqwcLrDPF1cP0v+CrAtyv8w95/eVDSsQYPYQ=="
    }
  }
}
